
Microsoft Visual Studio Solution File, Format Version 12.00
# Visual Studio Version 17
VisualStudioVersion = 17.11.35327.3
MinimumVisualStudioVersion = 10.0.40219.1
Project("{FAE04EC0-301F-11D3-BF4B-00C04F79EFBC}") = "Set3Ex17", "Set3Ex17.csproj", "{C244299F-6EC8-49C2-889B-EE606DDEFA78}"
EndProject
Global
	GlobalSection(SolutionConfigurationPlatforms) = preSolution
		Debug|Any CPU = Debug|Any CPU
		Release|Any CPU = Release|Any CPU
	EndGlobalSection
	GlobalSection(ProjectConfigurationPlatforms) = postSolution
		{C244299F-6EC8-49C2-889B-EE606DDEFA78}.Debug|Any CPU.ActiveCfg = Debug|Any CPU
		{C244299F-6EC8-49C2-889B-EE606DDEFA78}.Debug|Any CPU.Build.0 = Debug|Any CPU
		{C244299F-6EC8-49C2-889B-EE606DDEFA78}.Release|Any CPU.ActiveCfg = Release|Any CPU
		{C244299F-6EC8-49C2-889B-EE606DDEFA78}.Release|Any CPU.Build.0 = Release|Any CPU
	EndGlobalSection
	GlobalSection(SolutionProperties) = preSolution
		HideSolutionNode = FALSE
	EndGlobalSection
	GlobalSection(ExtensibilityGlobals) = postSolution
		SolutionGuid = {D3986F85-D8ED-472D-A753-411BCA2F57E4}
	EndGlobalSection
EndGlobal
